schema: '2.0'
stages:
  create_dataset:
    cmd: python create_dataset.py
    deps:
    - path: Kaggle_ds
      hash: md5
      md5: 840fdb9a23c98313dde45246036c291f.dir
      size: 452697142
      nfiles: 5000
    - path: create_dataset.py
      hash: md5
      md5: c1fee563b8313160837638fb44b03f11
      size: 1749
    params:
      params.yaml:
        with_augmentation: false
    outs:
    - path: dataset
      hash: md5
      md5: eaea1043e0c367675a857d45986f98eb.dir
      size: 136194555
      nfiles: 5000
  train_model:
    cmd: python train_model.py
    deps:
    - path: dataset
      hash: md5
      md5: eaea1043e0c367675a857d45986f98eb.dir
      size: 136194555
      nfiles: 5000
    - path: train_model.py
      hash: md5
      md5: 67b5342540dda479c3d069a72fc795bb
      size: 3808
    params:
      params.yaml:
        model: 1
        with_augmentation: false
    outs:
    - path: models
      hash: md5
      md5: 9ee54e0dd2d9c6c5d0e28c08bb1a1315.dir
      size: 35082735
      nfiles: 3
