schema: '2.0'
stages:
  create_dataset:
    cmd: python create_dataset.py
    deps:
    - path: Kaggle_ds
      hash: md5
      md5: 840fdb9a23c98313dde45246036c291f.dir
      size: 452697142
      nfiles: 5000
    - path: create_dataset.py
      hash: md5
      md5: d2652b21730b7593215a0eaba6d228e7
      size: 1765
    params:
      params.yaml:
        with_augmentation: true
    outs:
    - path: dataset
      hash: md5
      md5: 70f9b79fb8d941a2699df291f2ca8327.dir
      size: 262864597
      nfiles: 10012
  train_model:
    cmd: python train_model.py
    deps:
    - path: dataset
      hash: md5
      md5: 70f9b79fb8d941a2699df291f2ca8327.dir
      size: 262864597
      nfiles: 10012
    - path: train_model.py
      hash: md5
      md5: 67b5342540dda479c3d069a72fc795bb
      size: 3808
    params:
      params.yaml:
        model: 0
        with_augmentation: true
    outs:
    - path: models
      hash: md5
      md5: 354cc2b8364724257b0f90471f6303d2.dir
      size: 5825374
      nfiles: 3
