schema: '2.0'
stages:
  create_dataset:
    cmd: python create_dataset.py
    deps:
    - path: Kaggle_ds
      hash: md5
      md5: 840fdb9a23c98313dde45246036c291f.dir
      size: 452697142
      nfiles: 5000
    - path: create_dataset.py
      hash: md5
      md5: 6f03ca04fc3e83858b841c3c3fa340db
      size: 1765
    params:
      params.yaml:
        with_augmentation: true
    outs:
    - path: dataset
      hash: md5
      md5: b394a72103acb88f8812dae7490aa1ac.dir
      size: 544979084
      nfiles: 20000
  train_model:
    cmd: python train_model.py
    deps:
    - path: dataset
      hash: md5
      md5: b394a72103acb88f8812dae7490aa1ac.dir
      size: 544979084
      nfiles: 20000
    - path: train_model.py
      hash: md5
      md5: 67b5342540dda479c3d069a72fc795bb
      size: 3808
    params:
      params.yaml:
        model: 2
        with_augmentation: true
    outs:
    - path: models
      hash: md5
      md5: 2eafac45deb5825d5f8f35f805fcc684.dir
      size: 237026928
      nfiles: 3
